
Microsoft Visual Studio Solution File, Format Version 12.00
# Visual Studio 14
VisualStudioVersion = 14.0.25123.0
MinimumVisualStudioVersion = 10.0.40219.1
Project("{FAE04EC0-301F-11D3-BF4B-00C04F79EFBC}") = "Log4NetTestLogger", "Log4NetAppender\Log4NetTestLogger.csproj", "{266DE7C0-1F2E-4D01-A904-3DF3289F4526}"
EndProject
Project("{FAE04EC0-301F-11D3-BF4B-00C04F79EFBC}") = "Rest4Log4NetAppender", "Rest4Log4NetAppender\Rest4Log4NetAppender.csproj", "{D52B6D96-8861-41DC-B1EB-1D8CE44C710B}"
EndProject
Project("{FAE04EC0-301F-11D3-BF4B-00C04F79EFBC}") = "Rest4Log4NetModels", "Rest4Log4NetModels\Rest4Log4NetModels.csproj", "{24F8CB6D-5910-41DB-BCC6-32D9D9B06BD0}"
EndProject
Project("{FAE04EC0-301F-11D3-BF4B-00C04F79EFBC}") = "Rest4Log4NetWebApi", "Rest4Log4NetWebApi\Rest4Log4NetWebApi.csproj", "{18DBC4D5-43A4-4197-916F-DF0292EECF2D}"
EndProject
Project("{2150E333-8FDC-42A3-9474-1A3956D46DE8}") = "Solution Items", "Solution Items", "{8C85CB82-3992-4583-B718-3551B7E87B80}"
	ProjectSection(SolutionItems) = preProject
		LICENSE.txt = LICENSE.txt
	EndProjectSection
EndProject
Global
	GlobalSection(SolutionConfigurationPlatforms) = preSolution
		Debug|Any CPU = Debug|Any CPU
		Release|Any CPU = Release|Any CPU
	EndGlobalSection
	GlobalSection(ProjectConfigurationPlatforms) = postSolution
		{266DE7C0-1F2E-4D01-A904-3DF3289F4526}.Debug|Any CPU.ActiveCfg = Debug|Any CPU
		{266DE7C0-1F2E-4D01-A904-3DF3289F4526}.Debug|Any CPU.Build.0 = Debug|Any CPU
		{266DE7C0-1F2E-4D01-A904-3DF3289F4526}.Release|Any CPU.ActiveCfg = Release|Any CPU
		{266DE7C0-1F2E-4D01-A904-3DF3289F4526}.Release|Any CPU.Build.0 = Release|Any CPU
		{D52B6D96-8861-41DC-B1EB-1D8CE44C710B}.Debug|Any CPU.ActiveCfg = Debug|Any CPU
		{D52B6D96-8861-41DC-B1EB-1D8CE44C710B}.Debug|Any CPU.Build.0 = Debug|Any CPU
		{D52B6D96-8861-41DC-B1EB-1D8CE44C710B}.Release|Any CPU.ActiveCfg = Release|Any CPU
		{D52B6D96-8861-41DC-B1EB-1D8CE44C710B}.Release|Any CPU.Build.0 = Release|Any CPU
		{24F8CB6D-5910-41DB-BCC6-32D9D9B06BD0}.Debug|Any CPU.ActiveCfg = Debug|Any CPU
		{24F8CB6D-5910-41DB-BCC6-32D9D9B06BD0}.Debug|Any CPU.Build.0 = Debug|Any CPU
		{24F8CB6D-5910-41DB-BCC6-32D9D9B06BD0}.Release|Any CPU.ActiveCfg = Release|Any CPU
		{24F8CB6D-5910-41DB-BCC6-32D9D9B06BD0}.Release|Any CPU.Build.0 = Release|Any CPU
		{18DBC4D5-43A4-4197-916F-DF0292EECF2D}.Debug|Any CPU.ActiveCfg = Debug|Any CPU
		{18DBC4D5-43A4-4197-916F-DF0292EECF2D}.Debug|Any CPU.Build.0 = Debug|Any CPU
		{18DBC4D5-43A4-4197-916F-DF0292EECF2D}.Release|Any CPU.ActiveCfg = Release|Any CPU
		{18DBC4D5-43A4-4197-916F-DF0292EECF2D}.Release|Any CPU.Build.0 = Release|Any CPU
	EndGlobalSection
	GlobalSection(SolutionProperties) = preSolution
		HideSolutionNode = FALSE
	EndGlobalSection
EndGlobal
